
Microsoft Visual Studio Solution File, Format Version 12.00
# Visual Studio Version 17
VisualStudioVersion = 17.5.33424.131
MinimumVisualStudioVersion = 10.0.40219.1
Project("{FAE04EC0-301F-11D3-BF4B-00C04F79EFBC}") = "RestoManagerMehdi", "RestoManagerMehdi\RestoManagerMehdi.csproj", "{DCEEE18D-FCAF-417F-A61B-D04844C21CAD}"
EndProject
Global
	GlobalSection(SolutionConfigurationPlatforms) = preSolution
		Debug|Any CPU = Debug|Any CPU
		Release|Any CPU = Release|Any CPU
	EndGlobalSection
	GlobalSection(ProjectConfigurationPlatforms) = postSolution
		{DCEEE18D-FCAF-417F-A61B-D04844C21CAD}.Debug|Any CPU.ActiveCfg = Debug|Any CPU
		{DCEEE18D-FCAF-417F-A61B-D04844C21CAD}.Debug|Any CPU.Build.0 = Debug|Any CPU
		{DCEEE18D-FCAF-417F-A61B-D04844C21CAD}.Release|Any CPU.ActiveCfg = Release|Any CPU
		{DCEEE18D-FCAF-417F-A61B-D04844C21CAD}.Release|Any CPU.Build.0 = Release|Any CPU
	EndGlobalSection
	GlobalSection(SolutionProperties) = preSolution
		HideSolutionNode = FALSE
	EndGlobalSection
	GlobalSection(ExtensibilityGlobals) = postSolution
		SolutionGuid = {AD5F93F2-7B2C-4F74-BF19-B8C8385B7450}
	EndGlobalSection
EndGlobal
